
Microsoft Visual Studio Solution File, Format Version 12.00
# Visual Studio Version 17
VisualStudioVersion = 17.2.32616.157
MinimumVisualStudioVersion = 10.0.40219.1
Project("{9A19103F-16F7-4668-BE54-9A1E7A4F7556}") = "empty", "empty\empty.csproj", "{20CE5F72-1EE6-46D5-8DC3-4B68D5B2A52E}"
EndProject
Global
	GlobalSection(SolutionConfigurationPlatforms) = preSolution
		Debug|Any CPU = Debug|Any CPU
		Debug|x64 = Debug|x64
		Debug|x86 = Debug|x86
		Release|Any CPU = Release|Any CPU
		Release|x64 = Release|x64
		Release|x86 = Release|x86
	EndGlobalSection
	GlobalSection(ProjectConfigurationPlatforms) = postSolution
		{20CE5F72-1EE6-46D5-8DC3-4B68D5B2A52E}.Debug|Any CPU.ActiveCfg = Debug|Any CPU
		{20CE5F72-1EE6-46D5-8DC3-4B68D5B2A52E}.Debug|Any CPU.Build.0 = Debug|Any CPU
		{20CE5F72-1EE6-46D5-8DC3-4B68D5B2A52E}.Debug|x64.ActiveCfg = Debug|x64
		{20CE5F72-1EE6-46D5-8DC3-4B68D5B2A52E}.Debug|x64.Build.0 = Debug|x64
		{20CE5F72-1EE6-46D5-8DC3-4B68D5B2A52E}.Debug|x86.ActiveCfg = Debug|x86
		{20CE5F72-1EE6-46D5-8DC3-4B68D5B2A52E}.Debug|x86.Build.0 = Debug|x86
		{20CE5F72-1EE6-46D5-8DC3-4B68D5B2A52E}.Release|Any CPU.ActiveCfg = Release|Any CPU
		{20CE5F72-1EE6-46D5-8DC3-4B68D5B2A52E}.Release|Any CPU.Build.0 = Release|Any CPU
		{20CE5F72-1EE6-46D5-8DC3-4B68D5B2A52E}.Release|x64.ActiveCfg = Release|x64
		{20CE5F72-1EE6-46D5-8DC3-4B68D5B2A52E}.Release|x64.Build.0 = Release|x64
		{20CE5F72-1EE6-46D5-8DC3-4B68D5B2A52E}.Release|x86.ActiveCfg = Release|x86
		{20CE5F72-1EE6-46D5-8DC3-4B68D5B2A52E}.Release|x86.Build.0 = Release|x86
	EndGlobalSection
	GlobalSection(SolutionProperties) = preSolution
		HideSolutionNode = FALSE
	EndGlobalSection
	GlobalSection(ExtensibilityGlobals) = postSolution
		SolutionGuid = {ED7969B4-2684-4CCB-8BED-759850006555}
	EndGlobalSection
EndGlobal
